
Microsoft Visual Studio Solution File, Format Version 12.00
# Visual Studio Version 17
VisualStudioVersion = 17.0.32112.339
MinimumVisualStudioVersion = 10.0.40219.1
Project("{FAE04EC0-301F-11D3-BF4B-00C04F79EFBC}") = "WebConvertor", "WebConvertor\WebConvertor.csproj", "{7653B4F3-D77D-4C08-AF95-47E5D5D8BC29}"
EndProject
Global
	GlobalSection(SolutionConfigurationPlatforms) = preSolution
		Debug|Any CPU = Debug|Any CPU
		Release|Any CPU = Release|Any CPU
	EndGlobalSection
	GlobalSection(ProjectConfigurationPlatforms) = postSolution
		{7653B4F3-D77D-4C08-AF95-47E5D5D8BC29}.Debug|Any CPU.ActiveCfg = Debug|Any CPU
		{7653B4F3-D77D-4C08-AF95-47E5D5D8BC29}.Debug|Any CPU.Build.0 = Debug|Any CPU
		{7653B4F3-D77D-4C08-AF95-47E5D5D8BC29}.Release|Any CPU.ActiveCfg = Release|Any CPU
		{7653B4F3-D77D-4C08-AF95-47E5D5D8BC29}.Release|Any CPU.Build.0 = Release|Any CPU
	EndGlobalSection
	GlobalSection(SolutionProperties) = preSolution
		HideSolutionNode = FALSE
	EndGlobalSection
	GlobalSection(ExtensibilityGlobals) = postSolution
		SolutionGuid = {A0EEC1F0-8CF6-4C24-BC32-1E4ABB7061FF}
	EndGlobalSection
EndGlobal
